
Microsoft Visual Studio Solution File, Format Version 12.00
Project("{FAE04EC0-301F-11D3-BF4B-00C04F79EFBC}") = "AnimalMatchGame", "AnimalMatchGame\AnimalMatchGame.csproj", "{63714C59-5EC0-4B45-87AC-439D1A0EE269}"
EndProject
Global
	GlobalSection(SolutionConfigurationPlatforms) = preSolution
		Debug|Any CPU = Debug|Any CPU
		Release|Any CPU = Release|Any CPU
	EndGlobalSection
	GlobalSection(ProjectConfigurationPlatforms) = postSolution
		{63714C59-5EC0-4B45-87AC-439D1A0EE269}.Debug|Any CPU.ActiveCfg = Debug|Any CPU
		{63714C59-5EC0-4B45-87AC-439D1A0EE269}.Debug|Any CPU.Build.0 = Debug|Any CPU
		{63714C59-5EC0-4B45-87AC-439D1A0EE269}.Release|Any CPU.ActiveCfg = Release|Any CPU
		{63714C59-5EC0-4B45-87AC-439D1A0EE269}.Release|Any CPU.Build.0 = Release|Any CPU
	EndGlobalSection
EndGlobal
